
Microsoft Visual Studio Solution File, Format Version 12.00
# Visual Studio Version 17
VisualStudioVersion = 17.5.33424.131
MinimumVisualStudioVersion = 10.0.40219.1
Project("{FAE04EC0-301F-11D3-BF4B-00C04F79EFBC}") = "Ababi_Exerciutiu_1", "Ababi_Exerciutiu_1.csproj", "{1D48F8DD-AAFC-45F1-A036-4426597B84AE}"
EndProject
Global
	GlobalSection(SolutionConfigurationPlatforms) = preSolution
		Debug|Any CPU = Debug|Any CPU
		Release|Any CPU = Release|Any CPU
	EndGlobalSection
	GlobalSection(ProjectConfigurationPlatforms) = postSolution
		{1D48F8DD-AAFC-45F1-A036-4426597B84AE}.Debug|Any CPU.ActiveCfg = Debug|Any CPU
		{1D48F8DD-AAFC-45F1-A036-4426597B84AE}.Debug|Any CPU.Build.0 = Debug|Any CPU
		{1D48F8DD-AAFC-45F1-A036-4426597B84AE}.Release|Any CPU.ActiveCfg = Release|Any CPU
		{1D48F8DD-AAFC-45F1-A036-4426597B84AE}.Release|Any CPU.Build.0 = Release|Any CPU
	EndGlobalSection
	GlobalSection(SolutionProperties) = preSolution
		HideSolutionNode = FALSE
	EndGlobalSection
	GlobalSection(ExtensibilityGlobals) = postSolution
		SolutionGuid = {458305FD-A670-41A4-8488-07611483A01B}
	EndGlobalSection
EndGlobal
